// !$*UTF8*$!
{
	archiveVersion = 1;
	classes = {
	};
	objectVersion = 46;
	objects = {

/* Begin PBXBuildFile section */
		77574711118E44F680DD7EC4 /* libPods.a in Frameworks */ = {isa = PBXBuildFile; fileRef = EC1956EB9D11485189AD3B71 /* libPods.a */; };
		B743BBBE1AC7335B00A31BE8 /* icon_buzz.png in Resources */ = {isa = PBXBuildFile; fileRef = B743BBBB1AC7335B00A31BE8 /* icon_buzz.png */; };
		B743BBBF1AC7335B00A31BE8 /* icon_buzz@2x.png in Resources */ = {isa = PBXBuildFile; fileRef = B743BBBC1AC7335B00A31BE8 /* icon_buzz@2x.png */; };
		B743BBC01AC7335B00A31BE8 /* icon_buzz@3x.png in Resources */ = {isa = PBXBuildFile; fileRef = B743BBBD1AC7335B00A31BE8 /* icon_buzz@3x.png */; };
		B743BBC51AC7375400A31BE8 /* CBUser.m in Sources */ = {isa = PBXBuildFile; fileRef = B743BBC41AC7375400A31BE8 /* CBUser.m */; };
		B743BBC81AC73ABC00A31BE8 /* ProfileViewController.m in Sources */ = {isa = PBXBuildFile; fileRef = B743BBC71AC73ABC00A31BE8 /* ProfileViewController.m */; };
		B743BBCB1AC73AC400A31BE8 /* SignupViewController.m in Sources */ = {isa = PBXBuildFile; fileRef = B743BBCA1AC73AC400A31BE8 /* SignupViewController.m */; };
		B743BBCF1AC73CDF00A31BE8 /* YoTextField.swift in Sources */ = {isa = PBXBuildFile; fileRef = B743BBCE1AC73CDF00A31BE8 /* YoTextField.swift */; };
		B743BBD41AC73D7300A31BE8 /* CBTextField.m in Sources */ = {isa = PBXBuildFile; fileRef = B743BBD31AC73D7300A31BE8 /* CBTextField.m */; };
		B743BBD71AC740AD00A31BE8 /* MainViewController.m in Sources */ = {isa = PBXBuildFile; fileRef = B743BBD61AC740AD00A31BE8 /* MainViewController.m */; };
		B743BBDA1AC78D6A00A31BE8 /* InterestsViewController.m in Sources */ = {isa = PBXBuildFile; fileRef = B743BBD91AC78D6A00A31BE8 /* InterestsViewController.m */; };
		B743BBDD1AC796BD00A31BE8 /* GetInterestsResponse.m in Sources */ = {isa = PBXBuildFile; fileRef = B743BBDC1AC796BD00A31BE8 /* GetInterestsResponse.m */; };
		B743BBE01AC7A97F00A31BE8 /* ShowTrendViewController.m in Sources */ = {isa = PBXBuildFile; fileRef = B743BBDF1AC7A97F00A31BE8 /* ShowTrendViewController.m */; };
		B743BBE41AC7AFCE00A31BE8 /* Bitmap.png in Resources */ = {isa = PBXBuildFile; fileRef = B743BBE11AC7AFCE00A31BE8 /* Bitmap.png */; };
		B743BBE51AC7AFCE00A31BE8 /* Bitmap@2x.png in Resources */ = {isa = PBXBuildFile; fileRef = B743BBE21AC7AFCE00A31BE8 /* Bitmap@2x.png */; };
		B743BBE61AC7AFCE00A31BE8 /* Bitmap@3x.png in Resources */ = {isa = PBXBuildFile; fileRef = B743BBE31AC7AFCE00A31BE8 /* Bitmap@3x.png */; };
		B78B8CD71AC6ADBB009F64EA /* back@2x.png in Resources */ = {isa = PBXBuildFile; fileRef = B78B8CCD1AC6ADBB009F64EA /* back@2x.png */; };
		B78B8CD81AC6ADBB009F64EA /* chat_icon.png in Resources */ = {isa = PBXBuildFile; fileRef = B78B8CCE1AC6ADBB009F64EA /* chat_icon.png */; };
		B78B8CD91AC6ADBB009F64EA /* chat_icon@2x.png in Resources */ = {isa = PBXBuildFile; fileRef = B78B8CCF1AC6ADBB009F64EA /* chat_icon@2x.png */; };
		B78B8CDA1AC6ADBB009F64EA /* chat_icon@3x.png in Resources */ = {isa = PBXBuildFile; fileRef = B78B8CD01AC6ADBB009F64EA /* chat_icon@3x.png */; };
		B78B8CDB1AC6ADBB009F64EA /* General.png in Resources */ = {isa = PBXBuildFile; fileRef = B78B8CD11AC6ADBB009F64EA /* General.png */; };
		B78B8CDC1AC6ADBB009F64EA /* General@2x.png in Resources */ = {isa = PBXBuildFile; fileRef = B78B8CD21AC6ADBB009F64EA /* General@2x.png */; };
		B78B8CDD1AC6ADBB009F64EA /* General@3x.png in Resources */ = {isa = PBXBuildFile; fileRef = B78B8CD31AC6ADBB009F64EA /* General@3x.png */; };
		B78B8CDE1AC6ADBB009F64EA /* path.png in Resources */ = {isa = PBXBuildFile; fileRef = B78B8CD41AC6ADBB009F64EA /* path.png */; };
		B78B8CDF1AC6ADBB009F64EA /* path@2x.png in Resources */ = {isa = PBXBuildFile; fileRef = B78B8CD51AC6ADBB009F64EA /* path@2x.png */; };
		B78B8CE01AC6ADBB009F64EA /* path@3x.png in Resources */ = {isa = PBXBuildFile; fileRef = B78B8CD61AC6ADBB009F64EA /* path@3x.png */; };
		B78B8CE81AC6B03B009F64EA /* Quickblox.framework in Frameworks */ = {isa = PBXBuildFile; fileRef = B78B8CE71AC6B03B009F64EA /* Quickblox.framework */; };
		B78B8CEC1AC6B1C0009F64EA /* TabBarController.m in Sources */ = {isa = PBXBuildFile; fileRef = B78B8CEB1AC6B1C0009F64EA /* TabBarController.m */; };
		B78B8CEF1AC6B200009F64EA /* SettingsViewController.m in Sources */ = {isa = PBXBuildFile; fileRef = B78B8CEE1AC6B200009F64EA /* SettingsViewController.m */; };
		B78B8CF21AC6B223009F64EA /* TrendsViewController.m in Sources */ = {isa = PBXBuildFile; fileRef = B78B8CF11AC6B223009F64EA /* TrendsViewController.m */; };
		B78B8CF51AC6B991009F64EA /* trends.json in Resources */ = {isa = PBXBuildFile; fileRef = B78B8CF41AC6B991009F64EA /* trends.json */; };
		B78B8CFA1AC6BDD3009F64EA /* TrendTableViewCell.m in Sources */ = {isa = PBXBuildFile; fileRef = B78B8CF91AC6BDD3009F64EA /* TrendTableViewCell.m */; };
		B78B8CFD1AC6CFF1009F64EA /* Trend.m in Sources */ = {isa = PBXBuildFile; fileRef = B78B8CFC1AC6CFF1009F64EA /* Trend.m */; };
		B78B8D001AC6D109009F64EA /* CBCategory.m in Sources */ = {isa = PBXBuildFile; fileRef = B78B8CFF1AC6D109009F64EA /* CBCategory.m */; };
		B78B8D031AC6D464009F64EA /* GetTrendsResponse.m in Sources */ = {isa = PBXBuildFile; fileRef = B78B8D021AC6D464009F64EA /* GetTrendsResponse.m */; };
		B78B8D061AC6DB34009F64EA /* СhatViewController.m in Sources */ = {isa = PBXBuildFile; fileRef = B78B8D051AC6DB34009F64EA /* СhatViewController.m */; };
		BFB4627C18150EB00010AE49 /* ChatService.m in Sources */ = {isa = PBXBuildFile; fileRef = BFB4627B18150EB00010AE49 /* ChatService.m */; };
		BFBD3C941832CF30009D090B /* sound.mp3 in Resources */ = {isa = PBXBuildFile; fileRef = BFBD3C931832CF30009D090B /* sound.mp3 */; };
		BFBD3C991833D654009D090B /* CharactersEscapeService.m in Sources */ = {isa = PBXBuildFile; fileRef = BFBD3C981833D654009D090B /* CharactersEscapeService.m */; };
		BFE6FB76180E8EF100E64AC4 /* Foundation.framework in Frameworks */ = {isa = PBXBuildFile; fileRef = BFE6FB75180E8EF100E64AC4 /* Foundation.framework */; };
		BFE6FB78180E8EF100E64AC4 /* CoreGraphics.framework in Frameworks */ = {isa = PBXBuildFile; fileRef = BFE6FB77180E8EF100E64AC4 /* CoreGraphics.framework */; };
		BFE6FB7A180E8EF100E64AC4 /* UIKit.framework in Frameworks */ = {isa = PBXBuildFile; fileRef = BFE6FB79180E8EF100E64AC4 /* UIKit.framework */; };
		BFE6FB80180E8EF100E64AC4 /* InfoPlist.strings in Resources */ = {isa = PBXBuildFile; fileRef = BFE6FB7E180E8EF100E64AC4 /* InfoPlist.strings */; };
		BFE6FB82180E8EF100E64AC4 /* main.m in Sources */ = {isa = PBXBuildFile; fileRef = BFE6FB81180E8EF100E64AC4 /* main.m */; };
		BFE6FB86180E8EF100E64AC4 /* AppDelegate.m in Sources */ = {isa = PBXBuildFile; fileRef = BFE6FB85180E8EF100E64AC4 /* AppDelegate.m */; };
		BFE6FB89180E8EF100E64AC4 /* Main.storyboard in Resources */ = {isa = PBXBuildFile; fileRef = BFE6FB87180E8EF100E64AC4 /* Main.storyboard */; };
		BFE6FB91180E8EF100E64AC4 /* Images.xcassets in Resources */ = {isa = PBXBuildFile; fileRef = BFE6FB90180E8EF100E64AC4 /* Images.xcassets */; };
		BFE6FBB0180E9E5300E64AC4 /* CFNetwork.framework in Frameworks */ = {isa = PBXBuildFile; fileRef = BFE6FBAF180E9E5300E64AC4 /* CFNetwork.framework */; };
		BFE6FBB2180E9E5E00E64AC4 /* SystemConfiguration.framework in Frameworks */ = {isa = PBXBuildFile; fileRef = BFE6FBB1180E9E5E00E64AC4 /* SystemConfiguration.framework */; };
		BFE6FBB4180E9E6800E64AC4 /* MobileCoreServices.framework in Frameworks */ = {isa = PBXBuildFile; fileRef = BFE6FBB3180E9E6800E64AC4 /* MobileCoreServices.framework */; };
		BFE6FBB6180E9E7400E64AC4 /* CoreData.framework in Frameworks */ = {isa = PBXBuildFile; fileRef = BFE6FBB5180E9E7400E64AC4 /* CoreData.framework */; };
		BFE6FBB8180E9E7800E64AC4 /* CoreLocation.framework in Frameworks */ = {isa = PBXBuildFile; fileRef = BFE6FBB7180E9E7800E64AC4 /* CoreLocation.framework */; };
		BFE6FBBA180E9E7E00E64AC4 /* AudioToolbox.framework in Frameworks */ = {isa = PBXBuildFile; fileRef = BFE6FBB9180E9E7E00E64AC4 /* AudioToolbox.framework */; };
		BFE6FBBC180E9E8500E64AC4 /* CoreMedia.framework in Frameworks */ = {isa = PBXBuildFile; fileRef = BFE6FBBB180E9E8500E64AC4 /* CoreMedia.framework */; };
		BFE6FBBE180E9E8B00E64AC4 /* Accelerate.framework in Frameworks */ = {isa = PBXBuildFile; fileRef = BFE6FBBD180E9E8A00E64AC4 /* Accelerate.framework */; };
		BFE6FBC0180E9E9000E64AC4 /* CoreVideo.framework in Frameworks */ = {isa = PBXBuildFile; fileRef = BFE6FBBF180E9E9000E64AC4 /* CoreVideo.framework */; };
		BFE6FBC2180E9E9600E64AC4 /* AVFoundation.framework in Frameworks */ = {isa = PBXBuildFile; fileRef = BFE6FBC1180E9E9600E64AC4 /* AVFoundation.framework */; };
		BFE6FBC4180E9E9B00E64AC4 /* libz.1.2.5.dylib in Frameworks */ = {isa = PBXBuildFile; fileRef = BFE6FBC3180E9E9B00E64AC4 /* libz.1.2.5.dylib */; };
		BFE6FBC6180E9EA100E64AC4 /* libresolv.9.dylib in Frameworks */ = {isa = PBXBuildFile; fileRef = BFE6FBC5180E9EA100E64AC4 /* libresolv.9.dylib */; };
		BFE6FBC8180E9EA600E64AC4 /* libxml2.2.dylib in Frameworks */ = {isa = PBXBuildFile; fileRef = BFE6FBC7180E9EA600E64AC4 /* libxml2.2.dylib */; };
		BFE6FBCE180EA2F300E64AC4 /* DialogsViewController.m in Sources */ = {isa = PBXBuildFile; fileRef = BFE6FBCB180EA2F300E64AC4 /* DialogsViewController.m */; };
		BFE6FBCF180EA2F300E64AC4 /* UsersViewController.m in Sources */ = {isa = PBXBuildFile; fileRef = BFE6FBCD180EA2F300E64AC4 /* UsersViewController.m */; };
		BFE6FBD2180EA31600E64AC4 /* SplashViewController.m in Sources */ = {isa = PBXBuildFile; fileRef = BFE6FBD1180EA31600E64AC4 /* SplashViewController.m */; };
		BFE6FBDC180EE50200E64AC4 /* NMPaginator.m in Sources */ = {isa = PBXBuildFile; fileRef = BFE6FBDB180EE50200E64AC4 /* NMPaginator.m */; };
		BFE6FBE1180EE57700E64AC4 /* UsersPaginator.m in Sources */ = {isa = PBXBuildFile; fileRef = BFE6FBE0180EE57700E64AC4 /* UsersPaginator.m */; };
		BFE6FBE5180F295100E64AC4 /* LocalStorageService.m in Sources */ = {isa = PBXBuildFile; fileRef = BFE6FBE4180F295100E64AC4 /* LocalStorageService.m */; };
		BFE6FBF51812E0F800E64AC4 /* ChatMessageTableViewCell.m in Sources */ = {isa = PBXBuildFile; fileRef = BFE6FBF41812E0F800E64AC4 /* ChatMessageTableViewCell.m */; };
/* End PBXBuildFile section */

/* Begin PBXContainerItemProxy section */
		B77D188A1AC5E7920095E821 /* PBXContainerItemProxy */ = {
			isa = PBXContainerItemProxy;
			containerPortal = B77D18851AC5E7920095E821 /* Pods.xcodeproj */;
			proxyType = 2;
			remoteGlobalIDString = 262286BC48E140429B5B4B50;
			remoteInfo = Pods;
		};
		B77D188C1AC5E7920095E821 /* PBXContainerItemProxy */ = {
			isa = PBXContainerItemProxy;
			containerPortal = B77D18851AC5E7920095E821 /* Pods.xcodeproj */;
			proxyType = 2;
			remoteGlobalIDString = 2A0513DC55CB4C08A75B5289;
			remoteInfo = "Pods-MTBlockAlertView";
		};
/* End PBXContainerItemProxy section */

/* Begin PBXFileReference section */
		9FFAEACF57C4405D906A4932 /* Pods.xcconfig */ = {isa = PBXFileReference; includeInIndex = 1; lastKnownFileType = text.xcconfig; name = Pods.xcconfig; path = Pods/Pods.xcconfig; sourceTree = "<group>"; };
		B743BBBB1AC7335B00A31BE8 /* icon_buzz.png */ = {isa = PBXFileReference; lastKnownFileType = image.png; path = icon_buzz.png; sourceTree = "<group>"; };
		B743BBBC1AC7335B00A31BE8 /* icon_buzz@2x.png */ = {isa = PBXFileReference; lastKnownFileType = image.png; path = "icon_buzz@2x.png"; sourceTree = "<group>"; };
		B743BBBD1AC7335B00A31BE8 /* icon_buzz@3x.png */ = {isa = PBXFileReference; lastKnownFileType = image.png; path = "icon_buzz@3x.png"; sourceTree = "<group>"; };
		B743BBC31AC7375400A31BE8 /* CBUser.h */ = {isa = PBXFileReference; fileEncoding = 4; lastKnownFileType = sourcecode.c.h; path = CBUser.h; sourceTree = "<group>"; };
		B743BBC41AC7375400A31BE8 /* CBUser.m */ = {isa = PBXFileReference; fileEncoding = 4; lastKnownFileType = sourcecode.c.objc; path = CBUser.m; sourceTree = "<group>"; };
		B743BBC61AC73ABC00A31BE8 /* ProfileViewController.h */ = {isa = PBXFileReference; fileEncoding = 4; lastKnownFileType = sourcecode.c.h; path = ProfileViewController.h; sourceTree = "<group>"; };
		B743BBC71AC73ABC00A31BE8 /* ProfileViewController.m */ = {isa = PBXFileReference; fileEncoding = 4; lastKnownFileType = sourcecode.c.objc; path = ProfileViewController.m; sourceTree = "<group>"; };
		B743BBC91AC73AC400A31BE8 /* SignupViewController.h */ = {isa = PBXFileReference; fileEncoding = 4; lastKnownFileType = sourcecode.c.h; path = SignupViewController.h; sourceTree = "<group>"; };
		B743BBCA1AC73AC400A31BE8 /* SignupViewController.m */ = {isa = PBXFileReference; fileEncoding = 4; lastKnownFileType = sourcecode.c.objc; path = SignupViewController.m; sourceTree = "<group>"; };
		B743BBCE1AC73CDF00A31BE8 /* YoTextField.swift */ = {isa = PBXFileReference; fileEncoding = 4; lastKnownFileType = sourcecode.swift; path = YoTextField.swift; sourceTree = "<group>"; };
		B743BBD21AC73D7300A31BE8 /* CBTextField.h */ = {isa = PBXFileReference; fileEncoding = 4; lastKnownFileType = sourcecode.c.h; path = CBTextField.h; sourceTree = "<group>"; };
		B743BBD31AC73D7300A31BE8 /* CBTextField.m */ = {isa = PBXFileReference; fileEncoding = 4; lastKnownFileType = sourcecode.c.objc; path = CBTextField.m; sourceTree = "<group>"; };
		B743BBD51AC740AD00A31BE8 /* MainViewController.h */ = {isa = PBXFileReference; fileEncoding = 4; lastKnownFileType = sourcecode.c.h; path = MainViewController.h; sourceTree = "<group>"; };
		B743BBD61AC740AD00A31BE8 /* MainViewController.m */ = {isa = PBXFileReference; fileEncoding = 4; lastKnownFileType = sourcecode.c.objc; path = MainViewController.m; sourceTree = "<group>"; };
		B743BBD81AC78D6A00A31BE8 /* InterestsViewController.h */ = {isa = PBXFileReference; fileEncoding = 4; lastKnownFileType = sourcecode.c.h; path = InterestsViewController.h; sourceTree = "<group>"; };
		B743BBD91AC78D6A00A31BE8 /* InterestsViewController.m */ = {isa = PBXFileReference; fileEncoding = 4; lastKnownFileType = sourcecode.c.objc; path = InterestsViewController.m; sourceTree = "<group>"; };
		B743BBDB1AC796BD00A31BE8 /* GetInterestsResponse.h */ = {isa = PBXFileReference; fileEncoding = 4; lastKnownFileType = sourcecode.c.h; path = GetInterestsResponse.h; sourceTree = "<group>"; };
		B743BBDC1AC796BD00A31BE8 /* GetInterestsResponse.m */ = {isa = PBXFileReference; fileEncoding = 4; lastKnownFileType = sourcecode.c.objc; path = GetInterestsResponse.m; sourceTree = "<group>"; };
		B743BBDE1AC7A97F00A31BE8 /* ShowTrendViewController.h */ = {isa = PBXFileReference; fileEncoding = 4; lastKnownFileType = sourcecode.c.h; path = ShowTrendViewController.h; sourceTree = "<group>"; };
		B743BBDF1AC7A97F00A31BE8 /* ShowTrendViewController.m */ = {isa = PBXFileReference; fileEncoding = 4; lastKnownFileType = sourcecode.c.objc; path = ShowTrendViewController.m; sourceTree = "<group>"; };
		B743BBE11AC7AFCE00A31BE8 /* Bitmap.png */ = {isa = PBXFileReference; lastKnownFileType = image.png; path = Bitmap.png; sourceTree = "<group>"; };
		B743BBE21AC7AFCE00A31BE8 /* Bitmap@2x.png */ = {isa = PBXFileReference; lastKnownFileType = image.png; path = "Bitmap@2x.png"; sourceTree = "<group>"; };
		B743BBE31AC7AFCE00A31BE8 /* Bitmap@3x.png */ = {isa = PBXFileReference; lastKnownFileType = image.png; path = "Bitmap@3x.png"; sourceTree = "<group>"; };
		B77D18851AC5E7920095E821 /* Pods.xcodeproj */ = {isa = PBXFileReference; lastKnownFileType = "wrapper.pb-project"; name = Pods.xcodeproj; path = Pods/Pods.xcodeproj; sourceTree = "<group>"; };
		B78B8CCD1AC6ADBB009F64EA /* back@2x.png */ = {isa = PBXFileReference; lastKnownFileType = image.png; path = "back@2x.png"; sourceTree = "<group>"; };
		B78B8CCE1AC6ADBB009F64EA /* chat_icon.png */ = {isa = PBXFileReference; lastKnownFileType = image.png; path = chat_icon.png; sourceTree = "<group>"; };
		B78B8CCF1AC6ADBB009F64EA /* chat_icon@2x.png */ = {isa = PBXFileReference; lastKnownFileType = image.png; path = "chat_icon@2x.png"; sourceTree = "<group>"; };
		B78B8CD01AC6ADBB009F64EA /* chat_icon@3x.png */ = {isa = PBXFileReference; lastKnownFileType = image.png; path = "chat_icon@3x.png"; sourceTree = "<group>"; };
		B78B8CD11AC6ADBB009F64EA /* General.png */ = {isa = PBXFileReference; lastKnownFileType = image.png; path = General.png; sourceTree = "<group>"; };
		B78B8CD21AC6ADBB009F64EA /* General@2x.png */ = {isa = PBXFileReference; lastKnownFileType = image.png; path = "General@2x.png"; sourceTree = "<group>"; };
		B78B8CD31AC6ADBB009F64EA /* General@3x.png */ = {isa = PBXFileReference; lastKnownFileType = image.png; path = "General@3x.png"; sourceTree = "<group>"; };
		B78B8CD41AC6ADBB009F64EA /* path.png */ = {isa = PBXFileReference; lastKnownFileType = image.png; path = path.png; sourceTree = "<group>"; };
		B78B8CD51AC6ADBB009F64EA /* path@2x.png */ = {isa = PBXFileReference; lastKnownFileType = image.png; path = "path@2x.png"; sourceTree = "<group>"; };
		B78B8CD61AC6ADBB009F64EA /* path@3x.png */ = {isa = PBXFileReference; lastKnownFileType = image.png; path = "path@3x.png"; sourceTree = "<group>"; };
		B78B8CE71AC6B03B009F64EA /* Quickblox.framework */ = {isa = PBXFileReference; lastKnownFileType = wrapper.framework; path = Quickblox.framework; sourceTree = "<group>"; };
		B78B8CEA1AC6B1C0009F64EA /* TabBarController.h */ = {isa = PBXFileReference; fileEncoding = 4; lastKnownFileType = sourcecode.c.h; path = TabBarController.h; sourceTree = "<group>"; };
		B78B8CEB1AC6B1C0009F64EA /* TabBarController.m */ = {isa = PBXFileReference; fileEncoding = 4; lastKnownFileType = sourcecode.c.objc; path = TabBarController.m; sourceTree = "<group>"; };
		B78B8CED1AC6B200009F64EA /* SettingsViewController.h */ = {isa = PBXFileReference; fileEncoding = 4; lastKnownFileType = sourcecode.c.h; path = SettingsViewController.h; sourceTree = "<group>"; };
		B78B8CEE1AC6B200009F64EA /* SettingsViewController.m */ = {isa = PBXFileReference; fileEncoding = 4; lastKnownFileType = sourcecode.c.objc; path = SettingsViewController.m; sourceTree = "<group>"; };
		B78B8CF01AC6B223009F64EA /* TrendsViewController.h */ = {isa = PBXFileReference; fileEncoding = 4; lastKnownFileType = sourcecode.c.h; path = TrendsViewController.h; sourceTree = "<group>"; };
		B78B8CF11AC6B223009F64EA /* TrendsViewController.m */ = {isa = PBXFileReference; fileEncoding = 4; lastKnownFileType = sourcecode.c.objc; path = TrendsViewController.m; sourceTree = "<group>"; };
		B78B8CF41AC6B991009F64EA /* trends.json */ = {isa = PBXFileReference; fileEncoding = 4; lastKnownFileType = text.json; path = trends.json; sourceTree = "<group>"; };
		B78B8CF81AC6BDD3009F64EA /* TrendTableViewCell.h */ = {isa = PBXFileReference; fileEncoding = 4; lastKnownFileType = sourcecode.c.h; path = TrendTableViewCell.h; sourceTree = "<group>"; };
		B78B8CF91AC6BDD3009F64EA /* TrendTableViewCell.m */ = {isa = PBXFileReference; fileEncoding = 4; lastKnownFileType = sourcecode.c.objc; path = TrendTableViewCell.m; sourceTree = "<group>"; };
		B78B8CFB1AC6CFF1009F64EA /* Trend.h */ = {isa = PBXFileReference; fileEncoding = 4; lastKnownFileType = sourcecode.c.h; path = Trend.h; sourceTree = "<group>"; };
		B78B8CFC1AC6CFF1009F64EA /* Trend.m */ = {isa = PBXFileReference; fileEncoding = 4; lastKnownFileType = sourcecode.c.objc; path = Trend.m; sourceTree = "<group>"; };
		B78B8CFE1AC6D109009F64EA /* CBCategory.h */ = {isa = PBXFileReference; fileEncoding = 4; lastKnownFileType = sourcecode.c.h; path = CBCategory.h; sourceTree = "<group>"; };
		B78B8CFF1AC6D109009F64EA /* CBCategory.m */ = {isa = PBXFileReference; fileEncoding = 4; lastKnownFileType = sourcecode.c.objc; path = CBCategory.m; sourceTree = "<group>"; };
		B78B8D011AC6D464009F64EA /* GetTrendsResponse.h */ = {isa = PBXFileReference; fileEncoding = 4; lastKnownFileType = sourcecode.c.h; path = GetTrendsResponse.h; sourceTree = "<group>"; };
		B78B8D021AC6D464009F64EA /* GetTrendsResponse.m */ = {isa = PBXFileReference; fileEncoding = 4; lastKnownFileType = sourcecode.c.objc; path = GetTrendsResponse.m; sourceTree = "<group>"; };
		B78B8D041AC6DB34009F64EA /* СhatViewController.h */ = {isa = PBXFileReference; fileEncoding = 4; lastKnownFileType = sourcecode.c.h; path = "СhatViewController.h"; sourceTree = "<group>"; };
		B78B8D051AC6DB34009F64EA /* СhatViewController.m */ = {isa = PBXFileReference; fileEncoding = 4; lastKnownFileType = sourcecode.c.objc; path = "СhatViewController.m"; sourceTree = "<group>"; };
		BFB4627A18150EB00010AE49 /* ChatService.h */ = {isa = PBXFileReference; fileEncoding = 4; lastKnownFileType = sourcecode.c.h; path = ChatService.h; sourceTree = "<group>"; };
		BFB4627B18150EB00010AE49 /* ChatService.m */ = {isa = PBXFileReference; fileEncoding = 4; lastKnownFileType = sourcecode.c.objc; path = ChatService.m; sourceTree = "<group>"; };
		BFBD3C931832CF30009D090B /* sound.mp3 */ = {isa = PBXFileReference; lastKnownFileType = audio.mp3; path = sound.mp3; sourceTree = "<group>"; };
		BFBD3C971833D654009D090B /* CharactersEscapeService.h */ = {isa = PBXFileReference; fileEncoding = 4; lastKnownFileType = sourcecode.c.h; path = CharactersEscapeService.h; sourceTree = "<group>"; };
		BFBD3C981833D654009D090B /* CharactersEscapeService.m */ = {isa = PBXFileReference; fileEncoding = 4; lastKnownFileType = sourcecode.c.objc; path = CharactersEscapeService.m; sourceTree = "<group>"; };
		BFE6FB72180E8EF100E64AC4 /* Chat.app */ = {isa = PBXFileReference; explicitFileType = wrapper.application; includeInIndex = 0; path = Chat.app; sourceTree = BUILT_PRODUCTS_DIR; };
		BFE6FB75180E8EF100E64AC4 /* Foundation.framework */ = {isa = PBXFileReference; lastKnownFileType = wrapper.framework; name = Foundation.framework; path = System/Library/Frameworks/Foundation.framework; sourceTree = SDKROOT; };
		BFE6FB77180E8EF100E64AC4 /* CoreGraphics.framework */ = {isa = PBXFileReference; lastKnownFileType = wrapper.framework; name = CoreGraphics.framework; path = System/Library/Frameworks/CoreGraphics.framework; sourceTree = SDKROOT; };
		BFE6FB79180E8EF100E64AC4 /* UIKit.framework */ = {isa = PBXFileReference; lastKnownFileType = wrapper.framework; name = UIKit.framework; path = System/Library/Frameworks/UIKit.framework; sourceTree = SDKROOT; };
		BFE6FB7D180E8EF100E64AC4 /* sample-chat-Info.plist */ = {isa = PBXFileReference; lastKnownFileType = text.plist.xml; path = "sample-chat-Info.plist"; sourceTree = "<group>"; };
		BFE6FB7F180E8EF100E64AC4 /* en */ = {isa = PBXFileReference; lastKnownFileType = text.plist.strings; name = en; path = en.lproj/InfoPlist.strings; sourceTree = "<group>"; };
		BFE6FB81180E8EF100E64AC4 /* main.m */ = {isa = PBXFileReference; lastKnownFileType = sourcecode.c.objc; path = main.m; sourceTree = "<group>"; };
		BFE6FB83180E8EF100E64AC4 /* sample-chat-Prefix.pch */ = {isa = PBXFileReference; lastKnownFileType = sourcecode.c.h; path = "sample-chat-Prefix.pch"; sourceTree = "<group>"; };
		BFE6FB84180E8EF100E64AC4 /* AppDelegate.h */ = {isa = PBXFileReference; lastKnownFileType = sourcecode.c.h; path = AppDelegate.h; sourceTree = "<group>"; };
		BFE6FB85180E8EF100E64AC4 /* AppDelegate.m */ = {isa = PBXFileReference; lastKnownFileType = sourcecode.c.objc; path = AppDelegate.m; sourceTree = "<group>"; };
		BFE6FB88180E8EF100E64AC4 /* Base */ = {isa = PBXFileReference; lastKnownFileType = file.storyboard; name = Base; path = Base.lproj/Main.storyboard; sourceTree = "<group>"; };
		BFE6FB90180E8EF100E64AC4 /* Images.xcassets */ = {isa = PBXFileReference; lastKnownFileType = folder.assetcatalog; path = Images.xcassets; sourceTree = "<group>"; };
		BFE6FB97180E8EF100E64AC4 /* XCTest.framework */ = {isa = PBXFileReference; lastKnownFileType = wrapper.framework; name = XCTest.framework; path = Library/Frameworks/XCTest.framework; sourceTree = DEVELOPER_DIR; };
		BFE6FBAF180E9E5300E64AC4 /* CFNetwork.framework */ = {isa = PBXFileReference; lastKnownFileType = wrapper.framework; name = CFNetwork.framework; path = System/Library/Frameworks/CFNetwork.framework; sourceTree = SDKROOT; };
		BFE6FBB1180E9E5E00E64AC4 /* SystemConfiguration.framework */ = {isa = PBXFileReference; lastKnownFileType = wrapper.framework; name = SystemConfiguration.framework; path = System/Library/Frameworks/SystemConfiguration.framework; sourceTree = SDKROOT; };
		BFE6FBB3180E9E6800E64AC4 /* MobileCoreServices.framework */ = {isa = PBXFileReference; lastKnownFileType = wrapper.framework; name = MobileCoreServices.framework; path = System/Library/Frameworks/MobileCoreServices.framework; sourceTree = SDKROOT; };
		BFE6FBB5180E9E7400E64AC4 /* CoreData.framework */ = {isa = PBXFileReference; lastKnownFileType = wrapper.framework; name = CoreData.framework; path = System/Library/Frameworks/CoreData.framework; sourceTree = SDKROOT; };
		BFE6FBB7180E9E7800E64AC4 /* CoreLocation.framework */ = {isa = PBXFileReference; lastKnownFileType = wrapper.framework; name = CoreLocation.framework; path = System/Library/Frameworks/CoreLocation.framework; sourceTree = SDKROOT; };
		BFE6FBB9180E9E7E00E64AC4 /* AudioToolbox.framework */ = {isa = PBXFileReference; lastKnownFileType = wrapper.framework; name = AudioToolbox.framework; path = System/Library/Frameworks/AudioToolbox.framework; sourceTree = SDKROOT; };
		BFE6FBBB180E9E8500E64AC4 /* CoreMedia.framework */ = {isa = PBXFileReference; lastKnownFileType = wrapper.framework; name = CoreMedia.framework; path = System/Library/Frameworks/CoreMedia.framework; sourceTree = SDKROOT; };
		BFE6FBBD180E9E8A00E64AC4 /* Accelerate.framework */ = {isa = PBXFileReference; lastKnownFileType = wrapper.framework; name = Accelerate.framework; path = System/Library/Frameworks/Accelerate.framework; sourceTree = SDKROOT; };
		BFE6FBBF180E9E9000E64AC4 /* CoreVideo.framework */ = {isa = PBXFileReference; lastKnownFileType = wrapper.framework; name = CoreVideo.framework; path = System/Library/Frameworks/CoreVideo.framework; sourceTree = SDKROOT; };
		BFE6FBC1180E9E9600E64AC4 /* AVFoundation.framework */ = {isa = PBXFileReference; lastKnownFileType = wrapper.framework; name = AVFoundation.framework; path = System/Library/Frameworks/AVFoundation.framework; sourceTree = SDKROOT; };
		BFE6FBC3180E9E9B00E64AC4 /* libz.1.2.5.dylib */ = {isa = PBXFileReference; lastKnownFileType = "compiled.mach-o.dylib"; name = libz.1.2.5.dylib; path = usr/lib/libz.1.2.5.dylib; sourceTree = SDKROOT; };
		BFE6FBC5180E9EA100E64AC4 /* libresolv.9.dylib */ = {isa = PBXFileReference; lastKnownFileType = "compiled.mach-o.dylib"; name = libresolv.9.dylib; path = usr/lib/libresolv.9.dylib; sourceTree = SDKROOT; };
		BFE6FBC7180E9EA600E64AC4 /* libxml2.2.dylib */ = {isa = PBXFileReference; lastKnownFileType = "compiled.mach-o.dylib"; name = libxml2.2.dylib; path = usr/lib/libxml2.2.dylib; sourceTree = SDKROOT; };
		BFE6FBCA180EA2F300E64AC4 /* DialogsViewController.h */ = {isa = PBXFileReference; fileEncoding = 4; lastKnownFileType = sourcecode.c.h; path = DialogsViewController.h; sourceTree = "<group>"; };
		BFE6FBCB180EA2F300E64AC4 /* DialogsViewController.m */ = {isa = PBXFileReference; fileEncoding = 4; lastKnownFileType = sourcecode.c.objc; path = DialogsViewController.m; sourceTree = "<group>"; };
		BFE6FBCC180EA2F300E64AC4 /* UsersViewController.h */ = {isa = PBXFileReference; fileEncoding = 4; lastKnownFileType = sourcecode.c.h; path = UsersViewController.h; sourceTree = "<group>"; };
		BFE6FBCD180EA2F300E64AC4 /* UsersViewController.m */ = {isa = PBXFileReference; fileEncoding = 4; lastKnownFileType = sourcecode.c.objc; path = UsersViewController.m; sourceTree = "<group>"; };
		BFE6FBD0180EA31600E64AC4 /* SplashViewController.h */ = {isa = PBXFileReference; fileEncoding = 4; lastKnownFileType = sourcecode.c.h; path = SplashViewController.h; sourceTree = "<group>"; };
		BFE6FBD1180EA31600E64AC4 /* SplashViewController.m */ = {isa = PBXFileReference; fileEncoding = 4; lastKnownFileType = sourcecode.c.objc; path = SplashViewController.m; sourceTree = "<group>"; };
		BFE6FBDA180EE50200E64AC4 /* NMPaginator.h */ = {isa = PBXFileReference; fileEncoding = 4; lastKnownFileType = sourcecode.c.h; path = NMPaginator.h; sourceTree = "<group>"; };
		BFE6FBDB180EE50200E64AC4 /* NMPaginator.m */ = {isa = PBXFileReference; fileEncoding = 4; lastKnownFileType = sourcecode.c.objc; path = NMPaginator.m; sourceTree = "<group>"; };
		BFE6FBDF180EE57700E64AC4 /* UsersPaginator.h */ = {isa = PBXFileReference; fileEncoding = 4; lastKnownFileType = sourcecode.c.h; path = UsersPaginator.h; sourceTree = "<group>"; };
		BFE6FBE0180EE57700E64AC4 /* UsersPaginator.m */ = {isa = PBXFileReference; fileEncoding = 4; lastKnownFileType = sourcecode.c.objc; path = UsersPaginator.m; sourceTree = "<group>"; };
		BFE6FBE3180F295100E64AC4 /* LocalStorageService.h */ = {isa = PBXFileReference; fileEncoding = 4; lastKnownFileType = sourcecode.c.h; path = LocalStorageService.h; sourceTree = "<group>"; };
		BFE6FBE4180F295100E64AC4 /* LocalStorageService.m */ = {isa = PBXFileReference; fileEncoding = 4; lastKnownFileType = sourcecode.c.objc; path = LocalStorageService.m; sourceTree = "<group>"; };
		BFE6FBF31812E0F800E64AC4 /* ChatMessageTableViewCell.h */ = {isa = PBXFileReference; fileEncoding = 4; lastKnownFileType = sourcecode.c.h; path = ChatMessageTableViewCell.h; sourceTree = "<group>"; };
		BFE6FBF41812E0F800E64AC4 /* ChatMessageTableViewCell.m */ = {isa = PBXFileReference; fileEncoding = 4; lastKnownFileType = sourcecode.c.objc; path = ChatMessageTableViewCell.m; sourceTree = "<group>"; };
		EC1956EB9D11485189AD3B71 /* libPods.a */ = {isa = PBXFileReference; explicitFileType = archive.ar; includeInIndex = 0; path = libPods.a; sourceTree = BUILT_PRODUCTS_DIR; };
/* End PBXFileReference section */

/* Begin PBXFrameworksBuildPhase section */
		BFE6FB6F180E8EF100E64AC4 /* Frameworks */ = {
			isa = PBXFrameworksBuildPhase;
			buildActionMask = 2147483647;
			files = (
				BFE6FBC8180E9EA600E64AC4 /* libxml2.2.dylib in Frameworks */,
				BFE6FBC6180E9EA100E64AC4 /* libresolv.9.dylib in Frameworks */,
				BFE6FBC4180E9E9B00E64AC4 /* libz.1.2.5.dylib in Frameworks */,
				BFE6FBC2180E9E9600E64AC4 /* AVFoundation.framework in Frameworks */,
				BFE6FBC0180E9E9000E64AC4 /* CoreVideo.framework in Frameworks */,
				B78B8CE81AC6B03B009F64EA /* Quickblox.framework in Frameworks */,
				BFE6FBBE180E9E8B00E64AC4 /* Accelerate.framework in Frameworks */,
				BFE6FBBC180E9E8500E64AC4 /* CoreMedia.framework in Frameworks */,
				BFE6FBBA180E9E7E00E64AC4 /* AudioToolbox.framework in Frameworks */,
				BFE6FBB8180E9E7800E64AC4 /* CoreLocation.framework in Frameworks */,
				BFE6FBB6180E9E7400E64AC4 /* CoreData.framework in Frameworks */,
				BFE6FB78180E8EF100E64AC4 /* CoreGraphics.framework in Frameworks */,
				BFE6FBB4180E9E6800E64AC4 /* MobileCoreServices.framework in Frameworks */,
				BFE6FBB2180E9E5E00E64AC4 /* SystemConfiguration.framework in Frameworks */,
				BFE6FBB0180E9E5300E64AC4 /* CFNetwork.framework in Frameworks */,
				BFE6FB7A180E8EF100E64AC4 /* UIKit.framework in Frameworks */,
				BFE6FB76180E8EF100E64AC4 /* Foundation.framework in Frameworks */,
				77574711118E44F680DD7EC4 /* libPods.a in Frameworks */,
			);
			runOnlyForDeploymentPostprocessing = 0;
		};
/* End PBXFrameworksBuildPhase section */

/* Begin PBXGroup section */
		B77D18861AC5E7920095E821 /* Products */ = {
			isa = PBXGroup;
			children = (
				B77D188B1AC5E7920095E821 /* libPods.a */,
				B77D188D1AC5E7920095E821 /* libPods-MTBlockAlertView.a */,
			);
			name = Products;
			sourceTree = "<group>";
		};
		B78B8CCC1AC6ADBB009F64EA /* Resources */ = {
			isa = PBXGroup;
			children = (
				B743BBBB1AC7335B00A31BE8 /* icon_buzz.png */,
				B743BBBC1AC7335B00A31BE8 /* icon_buzz@2x.png */,
				B743BBE11AC7AFCE00A31BE8 /* Bitmap.png */,
				B743BBE21AC7AFCE00A31BE8 /* Bitmap@2x.png */,
				B743BBE31AC7AFCE00A31BE8 /* Bitmap@3x.png */,
				B743BBBD1AC7335B00A31BE8 /* icon_buzz@3x.png */,
				B78B8CF41AC6B991009F64EA /* trends.json */,
				B78B8CCD1AC6ADBB009F64EA /* back@2x.png */,
				B78B8CCE1AC6ADBB009F64EA /* chat_icon.png */,
				B78B8CCF1AC6ADBB009F64EA /* chat_icon@2x.png */,
				B78B8CD01AC6ADBB009F64EA /* chat_icon@3x.png */,
				B78B8CD11AC6ADBB009F64EA /* General.png */,
				B78B8CD21AC6ADBB009F64EA /* General@2x.png */,
				B78B8CD31AC6ADBB009F64EA /* General@3x.png */,
				B78B8CD41AC6ADBB009F64EA /* path.png */,
				B78B8CD51AC6ADBB009F64EA /* path@2x.png */,
				B78B8CD61AC6ADBB009F64EA /* path@3x.png */,
			);
			path = Resources;
			sourceTree = "<group>";
		};
		BFE6FB69180E8EF100E64AC4 = {
			isa = PBXGroup;
			children = (
				BFE6FB7B180E8EF100E64AC4 /* sample-chat */,
				BFE6FB74180E8EF100E64AC4 /* Frameworks */,
				BFE6FB73180E8EF100E64AC4 /* Products */,
				9FFAEACF57C4405D906A4932 /* Pods.xcconfig */,
				B77D18851AC5E7920095E821 /* Pods.xcodeproj */,
			);
			sourceTree = "<group>";
		};
		BFE6FB73180E8EF100E64AC4 /* Products */ = {
			isa = PBXGroup;
			children = (
				BFE6FB72180E8EF100E64AC4 /* Chat.app */,
			);
			name = Products;
			sourceTree = "<group>";
		};
		BFE6FB74180E8EF100E64AC4 /* Frameworks */ = {
			isa = PBXGroup;
			children = (
				B78B8CE71AC6B03B009F64EA /* Quickblox.framework */,
				BFE6FBC7180E9EA600E64AC4 /* libxml2.2.dylib */,
				BFE6FBC5180E9EA100E64AC4 /* libresolv.9.dylib */,
				BFE6FBC3180E9E9B00E64AC4 /* libz.1.2.5.dylib */,
				BFE6FBC1180E9E9600E64AC4 /* AVFoundation.framework */,
				BFE6FBBF180E9E9000E64AC4 /* CoreVideo.framework */,
				BFE6FBBD180E9E8A00E64AC4 /* Accelerate.framework */,
				BFE6FBBB180E9E8500E64AC4 /* CoreMedia.framework */,
				BFE6FBB9180E9E7E00E64AC4 /* AudioToolbox.framework */,
				BFE6FBB7180E9E7800E64AC4 /* CoreLocation.framework */,
				BFE6FBB5180E9E7400E64AC4 /* CoreData.framework */,
				BFE6FBB3180E9E6800E64AC4 /* MobileCoreServices.framework */,
				BFE6FBB1180E9E5E00E64AC4 /* SystemConfiguration.framework */,
				BFE6FBAF180E9E5300E64AC4 /* CFNetwork.framework */,
				BFE6FB75180E8EF100E64AC4 /* Foundation.framework */,
				BFE6FB77180E8EF100E64AC4 /* CoreGraphics.framework */,
				BFE6FB79180E8EF100E64AC4 /* UIKit.framework */,
				BFE6FB97180E8EF100E64AC4 /* XCTest.framework */,
				EC1956EB9D11485189AD3B71 /* libPods.a */,
			);
			name = Frameworks;
			sourceTree = "<group>";
		};
		BFE6FB7B180E8EF100E64AC4 /* sample-chat */ = {
			isa = PBXGroup;
			children = (
				B78B8CCC1AC6ADBB009F64EA /* Resources */,
				BFE6FB84180E8EF100E64AC4 /* AppDelegate.h */,
				BFE6FB85180E8EF100E64AC4 /* AppDelegate.m */,
				BFE6FBC9180EA2F300E64AC4 /* ViewController */,
				BFE6FBF21812E0D300E64AC4 /* Views */,
				BFE6FBE2180F293C00E64AC4 /* Services */,
				BFE6FBDE180EE56300E64AC4 /* Models */,
				BFE6FB87180E8EF100E64AC4 /* Main.storyboard */,
				BFE6FB90180E8EF100E64AC4 /* Images.xcassets */,
				BFBD3C931832CF30009D090B /* sound.mp3 */,
				BFE6FBD8180EE50200E64AC4 /* External */,
				BFE6FB7C180E8EF100E64AC4 /* Supporting Files */,
			);
			path = "sample-chat";
			sourceTree = "<group>";
		};
		BFE6FB7C180E8EF100E64AC4 /* Supporting Files */ = {
			isa = PBXGroup;
			children = (
				BFE6FB7D180E8EF100E64AC4 /* sample-chat-Info.plist */,
				BFE6FB7E180E8EF100E64AC4 /* InfoPlist.strings */,
				BFE6FB81180E8EF100E64AC4 /* main.m */,
				BFE6FB83180E8EF100E64AC4 /* sample-chat-Prefix.pch */,
			);
			name = "Supporting Files";
			sourceTree = "<group>";
		};
		BFE6FBC9180EA2F300E64AC4 /* ViewController */ = {
			isa = PBXGroup;
			children = (
				B78B8D041AC6DB34009F64EA /* СhatViewController.h */,
				B78B8D051AC6DB34009F64EA /* СhatViewController.m */,
				BFE6FBCA180EA2F300E64AC4 /* DialogsViewController.h */,
				BFE6FBCB180EA2F300E64AC4 /* DialogsViewController.m */,
				BFE6FBCC180EA2F300E64AC4 /* UsersViewController.h */,
				BFE6FBCD180EA2F300E64AC4 /* UsersViewController.m */,
				BFE6FBD0180EA31600E64AC4 /* SplashViewController.h */,
				BFE6FBD1180EA31600E64AC4 /* SplashViewController.m */,
				B78B8CEA1AC6B1C0009F64EA /* TabBarController.h */,
				B78B8CEB1AC6B1C0009F64EA /* TabBarController.m */,
				B78B8CED1AC6B200009F64EA /* SettingsViewController.h */,
				B78B8CEE1AC6B200009F64EA /* SettingsViewController.m */,
				B78B8CF01AC6B223009F64EA /* TrendsViewController.h */,
				B78B8CF11AC6B223009F64EA /* TrendsViewController.m */,
				B743BBC61AC73ABC00A31BE8 /* ProfileViewController.h */,
				B743BBC71AC73ABC00A31BE8 /* ProfileViewController.m */,
				B743BBC91AC73AC400A31BE8 /* SignupViewController.h */,
				B743BBCA1AC73AC400A31BE8 /* SignupViewController.m */,
				B743BBD51AC740AD00A31BE8 /* MainViewController.h */,
				B743BBD61AC740AD00A31BE8 /* MainViewController.m */,
				B743BBD81AC78D6A00A31BE8 /* InterestsViewController.h */,
				B743BBD91AC78D6A00A31BE8 /* InterestsViewController.m */,
				B743BBDE1AC7A97F00A31BE8 /* ShowTrendViewController.h */,
				B743BBDF1AC7A97F00A31BE8 /* ShowTrendViewController.m */,
			);
			path = ViewController;
			sourceTree = "<group>";
		};
		BFE6FBD8180EE50200E64AC4 /* External */ = {
			isa = PBXGroup;
			children = (
				BFE6FBD9180EE50200E64AC4 /* NMPaginator */,
			);
			path = External;
			sourceTree = "<group>";
		};
		BFE6FBD9180EE50200E64AC4 /* NMPaginator */ = {
			isa = PBXGroup;
			children = (
				BFE6FBDA180EE50200E64AC4 /* NMPaginator.h */,
				BFE6FBDB180EE50200E64AC4 /* NMPaginator.m */,
			);
			path = NMPaginator;
			sourceTree = "<group>";
		};
		BFE6FBDE180EE56300E64AC4 /* Models */ = {
			isa = PBXGroup;
			children = (
				BFE6FBDF180EE57700E64AC4 /* UsersPaginator.h */,
				BFE6FBE0180EE57700E64AC4 /* UsersPaginator.m */,
				B78B8CFB1AC6CFF1009F64EA /* Trend.h */,
				B78B8CFC1AC6CFF1009F64EA /* Trend.m */,
				B78B8CFE1AC6D109009F64EA /* CBCategory.h */,
				B78B8CFF1AC6D109009F64EA /* CBCategory.m */,
				B78B8D011AC6D464009F64EA /* GetTrendsResponse.h */,
				B78B8D021AC6D464009F64EA /* GetTrendsResponse.m */,
				B743BBC31AC7375400A31BE8 /* CBUser.h */,
				B743BBC41AC7375400A31BE8 /* CBUser.m */,
				B743BBDB1AC796BD00A31BE8 /* GetInterestsResponse.h */,
				B743BBDC1AC796BD00A31BE8 /* GetInterestsResponse.m */,
			);
			path = Models;
			sourceTree = "<group>";
		};
		BFE6FBE2180F293C00E64AC4 /* Services */ = {
			isa = PBXGroup;
			children = (
				BFE6FBE3180F295100E64AC4 /* LocalStorageService.h */,
				BFE6FBE4180F295100E64AC4 /* LocalStorageService.m */,
				BFB4627A18150EB00010AE49 /* ChatService.h */,
				BFB4627B18150EB00010AE49 /* ChatService.m */,
				BFBD3C971833D654009D090B /* CharactersEscapeService.h */,
				BFBD3C981833D654009D090B /* CharactersEscapeService.m */,
			);
			path = Services;
			sourceTree = "<group>";
		};
		BFE6FBF21812E0D300E64AC4 /* Views */ = {
			isa = PBXGroup;
			children = (
				B743BBCE1AC73CDF00A31BE8 /* YoTextField.swift */,
				BFE6FBF31812E0F800E64AC4 /* ChatMessageTableViewCell.h */,
				B78B8CF81AC6BDD3009F64EA /* TrendTableViewCell.h */,
				B78B8CF91AC6BDD3009F64EA /* TrendTableViewCell.m */,
				BFE6FBF41812E0F800E64AC4 /* ChatMessageTableViewCell.m */,
				B743BBD21AC73D7300A31BE8 /* CBTextField.h */,
				B743BBD31AC73D7300A31BE8 /* CBTextField.m */,
			);
			path = Views;
			sourceTree = "<group>";
		};
/* End PBXGroup section */

/* Begin PBXNativeTarget section */
		BFE6FB71180E8EF100E64AC4 /* sample-chat */ = {
			isa = PBXNativeTarget;
			buildConfigurationList = BFE6FBA7180E8EF100E64AC4 /* Build configuration list for PBXNativeTarget "sample-chat" */;
			buildPhases = (
				5948AA2C6DD54920BE8F0F50 /* Check Pods Manifest.lock */,
				BFE6FB6E180E8EF100E64AC4 /* Sources */,
				BFE6FB6F180E8EF100E64AC4 /* Frameworks */,
				BFE6FB70180E8EF100E64AC4 /* Resources */,
				EA0FB2DEF001482B9E0AC531 /* Copy Pods Resources */,
			);
			buildRules = (
			);
			dependencies = (
			);
			name = "sample-chat";
			productName = "sample-chat";
			productReference = BFE6FB72180E8EF100E64AC4 /* Chat.app */;
			productType = "com.apple.product-type.application";
		};
/* End PBXNativeTarget section */

/* Begin PBXProject section */
		BFE6FB6A180E8EF100E64AC4 /* Project object */ = {
			isa = PBXProject;
			attributes = {
				LastUpgradeCheck = 0510;
				ORGANIZATIONNAME = "Igor Khomenko";
				TargetAttributes = {
					BFE6FB71180E8EF100E64AC4 = {
						DevelopmentTeam = 529F7X54K4;
					};
				};
			};
			buildConfigurationList = BFE6FB6D180E8EF100E64AC4 /* Build configuration list for PBXProject "sample-chat" */;
			compatibilityVersion = "Xcode 3.2";
			developmentRegion = English;
			hasScannedForEncodings = 0;
			knownRegions = (
				en,
				Base,
			);
			mainGroup = BFE6FB69180E8EF100E64AC4;
			productRefGroup = BFE6FB73180E8EF100E64AC4 /* Products */;
			projectDirPath = "";
			projectReferences = (
				{
					ProductGroup = B77D18861AC5E7920095E821 /* Products */;
					ProjectRef = B77D18851AC5E7920095E821 /* Pods.xcodeproj */;
				},
			);
			projectRoot = "";
			targets = (
				BFE6FB71180E8EF100E64AC4 /* sample-chat */,
			);
		};
/* End PBXProject section */

/* Begin PBXReferenceProxy section */
		B77D188B1AC5E7920095E821 /* libPods.a */ = {
			isa = PBXReferenceProxy;
			fileType = archive.ar;
			path = libPods.a;
			remoteRef = B77D188A1AC5E7920095E821 /* PBXContainerItemProxy */;
			sourceTree = BUILT_PRODUCTS_DIR;
		};
		B77D188D1AC5E7920095E821 /* libPods-MTBlockAlertView.a */ = {
			isa = PBXReferenceProxy;
			fileType = archive.ar;
			path = "libPods-MTBlockAlertView.a";
			remoteRef = B77D188C1AC5E7920095E821 /* PBXContainerItemProxy */;
			sourceTree = BUILT_PRODUCTS_DIR;
		};
/* End PBXReferenceProxy section */

/* Begin PBXResourcesBuildPhase section */
		BFE6FB70180E8EF100E64AC4 /* Resources */ = {
			isa = PBXResourcesBuildPhase;
			buildActionMask = 2147483647;
			files = (
				B78B8CD81AC6ADBB009F64EA /* chat_icon.png in Resources */,
				B78B8CD91AC6ADBB009F64EA /* chat_icon@2x.png in Resources */,
				BFBD3C941832CF30009D090B /* sound.mp3 in Resources */,
				B743BBE51AC7AFCE00A31BE8 /* Bitmap@2x.png in Resources */,
				B743BBBE1AC7335B00A31BE8 /* icon_buzz.png in Resources */,
				BFE6FB91180E8EF100E64AC4 /* Images.xcassets in Resources */,
				B743BBC01AC7335B00A31BE8 /* icon_buzz@3x.png in Resources */,
				B78B8CD71AC6ADBB009F64EA /* back@2x.png in Resources */,
				B78B8CDC1AC6ADBB009F64EA /* General@2x.png in Resources */,
				B78B8CE01AC6ADBB009F64EA /* path@3x.png in Resources */,
				B743BBE61AC7AFCE00A31BE8 /* Bitmap@3x.png in Resources */,
				B78B8CDD1AC6ADBB009F64EA /* General@3x.png in Resources */,
				BFE6FB80180E8EF100E64AC4 /* InfoPlist.strings in Resources */,
				B743BBBF1AC7335B00A31BE8 /* icon_buzz@2x.png in Resources */,
				B78B8CDE1AC6ADBB009F64EA /* path.png in Resources */,
				B78B8CDA1AC6ADBB009F64EA /* chat_icon@3x.png in Resources */,
				B78B8CDF1AC6ADBB009F64EA /* path@2x.png in Resources */,
				BFE6FB89180E8EF100E64AC4 /* Main.storyboard in Resources */,
				B78B8CDB1AC6ADBB009F64EA /* General.png in Resources */,
				B743BBE41AC7AFCE00A31BE8 /* Bitmap.png in Resources */,
				B78B8CF51AC6B991009F64EA /* trends.json in Resources */,
			);
			runOnlyForDeploymentPostprocessing = 0;
		};
/* End PBXResourcesBuildPhase section */

/* Begin PBXShellScriptBuildPhase section */
		5948AA2C6DD54920BE8F0F50 /* Check Pods Manifest.lock */ = {
			isa = PBXShellScriptBuildPhase;
			buildActionMask = 2147483647;
			files = (
			);
			inputPaths = (
			);
			name = "Check Pods Manifest.lock";
			outputPaths = (
			);
			runOnlyForDeploymentPostprocessing = 0;
			shellPath = /bin/sh;
			shellScript = "diff \"${PODS_ROOT}/../Podfile.lock\" \"${PODS_ROOT}/Manifest.lock\" > /dev/null\nif [[ $? != 0 ]] ; then\n    cat << EOM\nerror: The sandbox is not in sync with the Podfile.lock. Run 'pod install' or update your CocoaPods installation.\nEOM\n    exit 1\nfi\n";
			showEnvVarsInLog = 0;
		};
		EA0FB2DEF001482B9E0AC531 /* Copy Pods Resources */ = {
			isa = PBXShellScriptBuildPhase;
			buildActionMask = 2147483647;
			files = (
			);
			inputPaths = (
			);
			name = "Copy Pods Resources";
			outputPaths = (
			);
			runOnlyForDeploymentPostprocessing = 0;
			shellPath = /bin/sh;
			shellScript = "\"${SRCROOT}/Pods/Pods-resources.sh\"\n";
			showEnvVarsInLog = 0;
		};
/* End PBXShellScriptBuildPhase section */

/* Begin PBXSourcesBuildPhase section */
		BFE6FB6E180E8EF100E64AC4 /* Sources */ = {
			isa = PBXSourcesBuildPhase;
			buildActionMask = 2147483647;
			files = (
				BFE6FBD2180EA31600E64AC4 /* SplashViewController.m in Sources */,
				B78B8D001AC6D109009F64EA /* CBCategory.m in Sources */,
				BFB4627C18150EB00010AE49 /* ChatService.m in Sources */,
				B78B8D061AC6DB34009F64EA /* СhatViewController.m in Sources */,
				B743BBCF1AC73CDF00A31BE8 /* YoTextField.swift in Sources */,
				B743BBE01AC7A97F00A31BE8 /* ShowTrendViewController.m in Sources */,
				B743BBCB1AC73AC400A31BE8 /* SignupViewController.m in Sources */,
				B743BBC81AC73ABC00A31BE8 /* ProfileViewController.m in Sources */,
				B78B8CFD1AC6CFF1009F64EA /* Trend.m in Sources */,
				B78B8CEC1AC6B1C0009F64EA /* TabBarController.m in Sources */,
				B78B8D031AC6D464009F64EA /* GetTrendsResponse.m in Sources */,
				BFE6FB86180E8EF100E64AC4 /* AppDelegate.m in Sources */,
				BFE6FBE1180EE57700E64AC4 /* UsersPaginator.m in Sources */,
				BFE6FBDC180EE50200E64AC4 /* NMPaginator.m in Sources */,
				B78B8CF21AC6B223009F64EA /* TrendsViewController.m in Sources */,
				B743BBD71AC740AD00A31BE8 /* MainViewController.m in Sources */,
				BFE6FBCF180EA2F300E64AC4 /* UsersViewController.m in Sources */,
				BFBD3C991833D654009D090B /* CharactersEscapeService.m in Sources */,
				BFE6FB82180E8EF100E64AC4 /* main.m in Sources */,
				B743BBDD1AC796BD00A31BE8 /* GetInterestsResponse.m in Sources */,
				B743BBDA1AC78D6A00A31BE8 /* InterestsViewController.m in Sources */,
				BFE6FBF51812E0F800E64AC4 /* ChatMessageTableViewCell.m in Sources */,
				BFE6FBCE180EA2F300E64AC4 /* DialogsViewController.m in Sources */,
				BFE6FBE5180F295100E64AC4 /* LocalStorageService.m in Sources */,
				B78B8CEF1AC6B200009F64EA /* SettingsViewController.m in Sources */,
				B78B8CFA1AC6BDD3009F64EA /* TrendTableViewCell.m in Sources */,
				B743BBD41AC73D7300A31BE8 /* CBTextField.m in Sources */,
				B743BBC51AC7375400A31BE8 /* CBUser.m in Sources */,
			);
			runOnlyForDeploymentPostprocessing = 0;
		};
/* End PBXSourcesBuildPhase section */

/* Begin PBXVariantGroup section */
		BFE6FB7E180E8EF100E64AC4 /* InfoPlist.strings */ = {
			isa = PBXVariantGroup;
			children = (
				BFE6FB7F180E8EF100E64AC4 /* en */,
			);
			name = InfoPlist.strings;
			sourceTree = "<group>";
		};
		BFE6FB87180E8EF100E64AC4 /* Main.storyboard */ = {
			isa = PBXVariantGroup;
			children = (
				BFE6FB88180E8EF100E64AC4 /* Base */,
			);
			name = Main.storyboard;
			sourceTree = "<group>";
		};
/* End PBXVariantGroup section */

/* Begin XCBuildConfiguration section */
		BFE6FBA5180E8EF100E64AC4 /* Debug */ = {
			isa = XCBuildConfiguration;
			buildSettings = {
				ALWAYS_SEARCH_USER_PATHS = NO;
				CLANG_CXX_LANGUAGE_STANDARD = "gnu++0x";
				CLANG_CXX_LIBRARY = "libc++";
				CLANG_ENABLE_MODULES = YES;
				CLANG_ENABLE_OBJC_ARC = YES;
				CLANG_WARN_BOOL_CONVERSION = YES;
				CLANG_WARN_CONSTANT_CONVERSION = YES;
				CLANG_WARN_DIRECT_OBJC_ISA_USAGE = YES_ERROR;
				CLANG_WARN_EMPTY_BODY = YES;
				CLANG_WARN_ENUM_CONVERSION = YES;
				CLANG_WARN_INT_CONVERSION = YES;
				CLANG_WARN_OBJC_ROOT_CLASS = YES_ERROR;
				CLANG_WARN__DUPLICATE_METHOD_MATCH = YES;
				"CODE_SIGN_IDENTITY[sdk=iphoneos*]" = "iPhone Developer";
				COPY_PHASE_STRIP = NO;
				GCC_C_LANGUAGE_STANDARD = gnu99;
				GCC_DYNAMIC_NO_PIC = NO;
				GCC_OPTIMIZATION_LEVEL = 0;
				GCC_PREPROCESSOR_DEFINITIONS = (
					"DEBUG=1",
					"$(inherited)",
				);
				GCC_SYMBOLS_PRIVATE_EXTERN = NO;
				GCC_WARN_64_TO_32_BIT_CONVERSION = YES;
				GCC_WARN_ABOUT_RETURN_TYPE = YES_ERROR;
				GCC_WARN_UNDECLARED_SELECTOR = YES;
				GCC_WARN_UNINITIALIZED_AUTOS = YES;
				GCC_WARN_UNUSED_FUNCTION = YES;
				GCC_WARN_UNUSED_VARIABLE = YES;
				IPHONEOS_DEPLOYMENT_TARGET = 6.0;
				ONLY_ACTIVE_ARCH = YES;
				SDKROOT = iphoneos;
			};
			name = Debug;
		};
		BFE6FBA6180E8EF100E64AC4 /* Release */ = {
			isa = XCBuildConfiguration;
			buildSettings = {
				ALWAYS_SEARCH_USER_PATHS = NO;
				CLANG_CXX_LANGUAGE_STANDARD = "gnu++0x";
				CLANG_CXX_LIBRARY = "libc++";
				CLANG_ENABLE_MODULES = YES;
				CLANG_ENABLE_OBJC_ARC = YES;
				CLANG_WARN_BOOL_CONVERSION = YES;
				CLANG_WARN_CONSTANT_CONVERSION = YES;
				CLANG_WARN_DIRECT_OBJC_ISA_USAGE = YES_ERROR;
				CLANG_WARN_EMPTY_BODY = YES;
				CLANG_WARN_ENUM_CONVERSION = YES;
				CLANG_WARN_INT_CONVERSION = YES;
				CLANG_WARN_OBJC_ROOT_CLASS = YES_ERROR;
				CLANG_WARN__DUPLICATE_METHOD_MATCH = YES;
				"CODE_SIGN_IDENTITY[sdk=iphoneos*]" = "iPhone Developer";
				COPY_PHASE_STRIP = YES;
				ENABLE_NS_ASSERTIONS = NO;
				GCC_C_LANGUAGE_STANDARD = gnu99;
				GCC_WARN_64_TO_32_BIT_CONVERSION = YES;
				GCC_WARN_ABOUT_RETURN_TYPE = YES_ERROR;
				GCC_WARN_UNDECLARED_SELECTOR = YES;
				GCC_WARN_UNINITIALIZED_AUTOS = YES;
				GCC_WARN_UNUSED_FUNCTION = YES;
				GCC_WARN_UNUSED_VARIABLE = YES;
				IPHONEOS_DEPLOYMENT_TARGET = 6.0;
				SDKROOT = iphoneos;
				VALIDATE_PRODUCT = YES;
			};
			name = Release;
		};
		BFE6FBA8180E8EF100E64AC4 /* Debug */ = {
			isa = XCBuildConfiguration;
			baseConfigurationReference = 9FFAEACF57C4405D906A4932 /* Pods.xcconfig */;
			buildSettings = {
				ASSETCATALOG_COMPILER_APPICON_NAME = AppIcon;
				ASSETCATALOG_COMPILER_LAUNCHIMAGE_NAME = LaunchImage;
				CLANG_ENABLE_MODULES = YES;
				CODE_SIGN_IDENTITY = "iPhone Developer: Atul Manwar (45252446Q8)";
				"CODE_SIGN_IDENTITY[sdk=iphoneos*]" = "iPhone Developer: Atul Manwar (45252446Q8)";
				FRAMEWORK_SEARCH_PATHS = (
					"$(inherited)",
					"$(SRCROOT)",
					"\"$(SRCROOT)/../Framework\"",
					"$(PROJECT_DIR)",
				);
				GCC_PRECOMPILE_PREFIX_HEADER = YES;
				GCC_PREFIX_HEADER = "sample-chat/sample-chat-Prefix.pch";
				HEADER_SEARCH_PATHS = (
					"\"${PODS_ROOT}/Headers\"",
					"\"${PODS_ROOT}/Headers/MTBlockAlertView\"",
					/usr/include/libxml2,
				);
				INFOPLIST_FILE = "sample-chat/sample-chat-Info.plist";
				IPHONEOS_DEPLOYMENT_TARGET = 7.1;
				LD_RUNPATH_SEARCH_PATHS = "$(inherited) @executable_path/Frameworks";
				OTHER_LDFLAGS = (
					"-lstdc++",
					"-ObjC",
					"-lxml2",
				);
				PRODUCT_NAME = Chat;
				PROVISIONING_PROFILE = "d8065cbf-a3a5-4ca5-a038-a7e1981cb058";
				SWIFT_OBJC_BRIDGING_HEADER = "sample-chat/sample-chat-Bridging-Header.h";
				SWIFT_OPTIMIZATION_LEVEL = "-Onone";
				TARGETED_DEVICE_FAMILY = "1,2";
				WRAPPER_EXTENSION = app;
			};
			name = Debug;
		};
		BFE6FBA9180E8EF100E64AC4 /* Release */ = {
			isa = XCBuildConfiguration;
			baseConfigurationReference = 9FFAEACF57C4405D906A4932 /* Pods.xcconfig */;
			buildSettings = {
				ASSETCATALOG_COMPILER_APPICON_NAME = AppIcon;
				ASSETCATALOG_COMPILER_LAUNCHIMAGE_NAME = LaunchImage;
				CLANG_ENABLE_MODULES = YES;
				CODE_SIGN_IDENTITY = "iPhone Developer: Atul Manwar (45252446Q8)";
				"CODE_SIGN_IDENTITY[sdk=iphoneos*]" = "iPhone Developer: Atul Manwar (45252446Q8)";
				FRAMEWORK_SEARCH_PATHS = (
					"$(inherited)",
					"$(SRCROOT)",
					"\"$(SRCROOT)/../Framework\"",
					"$(PROJECT_DIR)",
				);
				GCC_PRECOMPILE_PREFIX_HEADER = YES;
				GCC_PREFIX_HEADER = "sample-chat/sample-chat-Prefix.pch";
				HEADER_SEARCH_PATHS = (
					"\"${PODS_ROOT}/Headers\"",
					"\"${PODS_ROOT}/Headers/MTBlockAlertView\"",
					/usr/include/libxml2,
				);
				INFOPLIST_FILE = "sample-chat/sample-chat-Info.plist";
				IPHONEOS_DEPLOYMENT_TARGET = 7.1;
				LD_RUNPATH_SEARCH_PATHS = "$(inherited) @executable_path/Frameworks";
				OTHER_LDFLAGS = (
					"-lstdc++",
					"-ObjC",
					"-lxml2",
				);
				PRODUCT_NAME = Chat;
				PROVISIONING_PROFILE = "d8065cbf-a3a5-4ca5-a038-a7e1981cb058";
				SWIFT_OBJC_BRIDGING_HEADER = "sample-chat/sample-chat-Bridging-Header.h";
				TARGETED_DEVICE_FAMILY = "1,2";
				WRAPPER_EXTENSION = app;
			};
			name = Release;
		};
/* End XCBuildConfiguration section */

/* Begin XCConfigurationList section */
		BFE6FB6D180E8EF100E64AC4 /* Build configuration list for PBXProject "sample-chat" */ = {
			isa = XCConfigurationList;
			buildConfigurations = (
				BFE6FBA5180E8EF100E64AC4 /* Debug */,
				BFE6FBA6180E8EF100E64AC4 /* Release */,
			);
			defaultConfigurationIsVisible = 0;
			defaultConfigurationName = Release;
		};
		BFE6FBA7180E8EF100E64AC4 /* Build configuration list for PBXNativeTarget "sample-chat" */ = {
			isa = XCConfigurationList;
			buildConfigurations = (
				BFE6FBA8180E8EF100E64AC4 /* Debug */,
				BFE6FBA9180E8EF100E64AC4 /* Release */,
			);
			defaultConfigurationIsVisible = 0;
			defaultConfigurationName = Release;
		};
/* End XCConfigurationList section */
	};
	rootObject = BFE6FB6A180E8EF100E64AC4 /* Project object */;
}
